<Solution>
  <Folder Name="/src/">
    <Project Path="src/MinGo.Application/MinGo.Application.csproj" />
    <Project Path="src/MinGo.ControlPlane/MinGo.ControlPlane.csproj" />
    <Project Path="src/MinGo.Core/MinGo.Core.csproj" />
    <Project Path="src/MinGo.Gateway/MinGo.Gateway.csproj" />
    <Project Path="src/MinGo.Infrastructure/MinGo.Infrastructure.csproj" />
    <Project Path="src/MinGo.Shared/MinGo.Shared.csproj" />
    <Project Path="src/MinGo.Web/MinGo.Web.csproj" />
  </Folder>
</Solution>
